{
  "name": "todos-newtab",
  "version": "0.0.0",
  "lockfileVersion": 2,
  "requires": true,
  "packages": {
    "": {
      "version": "0.0.0",
      "license": "MIT",
      "dependencies": {
        "svelte": "^3.38.1"
      }
    },
    "node_modules/svelte": {
      "version": "3.38.1",
      "resolved": "https://registry.npmjs.org/svelte/-/svelte-3.38.1.tgz",
      "integrity": "sha512-N3XLAyfzqrFxwRLevBeW7Dke9ZlHRVGSIed5abo4Drvj+zvd2OyWpFa1x4nQUc8Lnvt4Kcn8/5le1peRDybNqg==",
      "engines": {
        "node": ">= 8"
      }
    }
  },
  "dependencies": {
    "svelte": {
      "version": "3.38.1",
      "resolved": "https://registry.npmjs.org/svelte/-/svelte-3.38.1.tgz",
      "integrity": "sha512-N3XLAyfzqrFxwRLevBeW7Dke9ZlHRVGSIed5abo4Drvj+zvd2OyWpFa1x4nQUc8Lnvt4Kcn8/5le1peRDybNqg=="
    }
  }
}
